// !$*UTF8*$!
{
	archiveVersion = 1;
	classes = {
	};
	objectVersion = 50;
	objects = {

/* Begin PBXBuildFile section */
		ED445BF024E18EF50057BC46 /* QuizData.swift in Sources */ = {isa = PBXBuildFile; fileRef = ED445BEF24E18EF50057BC46 /* QuizData.swift */; };
		ED445BF224E2E7E10057BC46 /* ResultScreen.swift in Sources */ = {isa = PBXBuildFile; fileRef = ED445BF124E2E7E10057BC46 /* ResultScreen.swift */; };
		ED67650624DD7D81006005A3 /* AppDelegate.swift in Sources */ = {isa = PBXBuildFile; fileRef = ED67650524DD7D81006005A3 /* AppDelegate.swift */; };
		ED67650824DD7D81006005A3 /* SceneDelegate.swift in Sources */ = {isa = PBXBuildFile; fileRef = ED67650724DD7D81006005A3 /* SceneDelegate.swift */; };
		ED67650A24DD7D81006005A3 /* ViewController.swift in Sources */ = {isa = PBXBuildFile; fileRef = ED67650924DD7D81006005A3 /* ViewController.swift */; };
		ED67650D24DD7D81006005A3 /* Main.storyboard in Resources */ = {isa = PBXBuildFile; fileRef = ED67650B24DD7D81006005A3 /* Main.storyboard */; };
		ED67650F24DD7D83006005A3 /* Assets.xcassets in Resources */ = {isa = PBXBuildFile; fileRef = ED67650E24DD7D83006005A3 /* Assets.xcassets */; };
		ED67651224DD7D83006005A3 /* LaunchScreen.storyboard in Resources */ = {isa = PBXBuildFile; fileRef = ED67651024DD7D83006005A3 /* LaunchScreen.storyboard */; };
		ED67651D24DD7D83006005A3 /* QuizTests.swift in Sources */ = {isa = PBXBuildFile; fileRef = ED67651C24DD7D83006005A3 /* QuizTests.swift */; };
		ED67652E24DE743A006005A3 /* QuizBrain.swift in Sources */ = {isa = PBXBuildFile; fileRef = ED67652D24DE743A006005A3 /* QuizBrain.swift */; };
		ED67653024DE7458006005A3 /* Question.swift in Sources */ = {isa = PBXBuildFile; fileRef = ED67652F24DE7458006005A3 /* Question.swift */; };
/* End PBXBuildFile section */

/* Begin PBXContainerItemProxy section */
		ED67651924DD7D83006005A3 /* PBXContainerItemProxy */ = {
			isa = PBXContainerItemProxy;
			containerPortal = ED6764FA24DD7D81006005A3 /* Project object */;
			proxyType = 1;
			remoteGlobalIDString = ED67650124DD7D81006005A3;
			remoteInfo = Quiz;
		};
/* End PBXContainerItemProxy section */

/* Begin PBXFileReference section */
		ED445BEF24E18EF50057BC46 /* QuizData.swift */ = {isa = PBXFileReference; lastKnownFileType = sourcecode.swift; path = QuizData.swift; sourceTree = "<group>"; };
		ED445BF124E2E7E10057BC46 /* ResultScreen.swift */ = {isa = PBXFileReference; lastKnownFileType = sourcecode.swift; path = ResultScreen.swift; sourceTree = "<group>"; };
		ED67650224DD7D81006005A3 /* Quiz.app */ = {isa = PBXFileReference; explicitFileType = wrapper.application; includeInIndex = 0; path = Quiz.app; sourceTree = BUILT_PRODUCTS_DIR; };
		ED67650524DD7D81006005A3 /* AppDelegate.swift */ = {isa = PBXFileReference; lastKnownFileType = sourcecode.swift; path = AppDelegate.swift; sourceTree = "<group>"; };
		ED67650724DD7D81006005A3 /* SceneDelegate.swift */ = {isa = PBXFileReference; lastKnownFileType = sourcecode.swift; path = SceneDelegate.swift; sourceTree = "<group>"; };
		ED67650924DD7D81006005A3 /* ViewController.swift */ = {isa = PBXFileReference; lastKnownFileType = sourcecode.swift; path = ViewController.swift; sourceTree = "<group>"; };
		ED67650C24DD7D81006005A3 /* Base */ = {isa = PBXFileReference; lastKnownFileType = file.storyboard; name = Base; path = Base.lproj/Main.storyboard; sourceTree = "<group>"; };
		ED67650E24DD7D83006005A3 /* Assets.xcassets */ = {isa = PBXFileReference; lastKnownFileType = folder.assetcatalog; path = Assets.xcassets; sourceTree = "<group>"; };
		ED67651124DD7D83006005A3 /* Base */ = {isa = PBXFileReference; lastKnownFileType = file.storyboard; name = Base; path = Base.lproj/LaunchScreen.storyboard; sourceTree = "<group>"; };
		ED67651324DD7D83006005A3 /* Info.plist */ = {isa = PBXFileReference; lastKnownFileType = text.plist.xml; path = Info.plist; sourceTree = "<group>"; };
		ED67651824DD7D83006005A3 /* QuizTests.xctest */ = {isa = PBXFileReference; explicitFileType = wrapper.cfbundle; includeInIndex = 0; path = QuizTests.xctest; sourceTree = BUILT_PRODUCTS_DIR; };
		ED67651C24DD7D83006005A3 /* QuizTests.swift */ = {isa = PBXFileReference; lastKnownFileType = sourcecode.swift; path = QuizTests.swift; sourceTree = "<group>"; };
		ED67651E24DD7D83006005A3 /* Info.plist */ = {isa = PBXFileReference; lastKnownFileType = text.plist.xml; path = Info.plist; sourceTree = "<group>"; };
		ED67652D24DE743A006005A3 /* QuizBrain.swift */ = {isa = PBXFileReference; lastKnownFileType = sourcecode.swift; path = QuizBrain.swift; sourceTree = "<group>"; };
		ED67652F24DE7458006005A3 /* Question.swift */ = {isa = PBXFileReference; lastKnownFileType = sourcecode.swift; path = Question.swift; sourceTree = "<group>"; };
/* End PBXFileReference section */

/* Begin PBXFrameworksBuildPhase section */
		ED6764FF24DD7D81006005A3 /* Frameworks */ = {
			isa = PBXFrameworksBuildPhase;
			buildActionMask = 2147483647;
			files = (
			);
			runOnlyForDeploymentPostprocessing = 0;
		};
		ED67651524DD7D83006005A3 /* Frameworks */ = {
			isa = PBXFrameworksBuildPhase;
			buildActionMask = 2147483647;
			files = (
			);
			runOnlyForDeploymentPostprocessing = 0;
		};
/* End PBXFrameworksBuildPhase section */

/* Begin PBXGroup section */
		ED6764F924DD7D81006005A3 = {
			isa = PBXGroup;
			children = (
				ED67650424DD7D81006005A3 /* Quiz */,
				ED67651B24DD7D83006005A3 /* QuizTests */,
				ED67650324DD7D81006005A3 /* Products */,
			);
			sourceTree = "<group>";
		};
		ED67650324DD7D81006005A3 /* Products */ = {
			isa = PBXGroup;
			children = (
				ED67650224DD7D81006005A3 /* Quiz.app */,
				ED67651824DD7D83006005A3 /* QuizTests.xctest */,
			);
			name = Products;
			sourceTree = "<group>";
		};
		ED67650424DD7D81006005A3 /* Quiz */ = {
			isa = PBXGroup;
			children = (
				ED67650524DD7D81006005A3 /* AppDelegate.swift */,
				ED67650724DD7D81006005A3 /* SceneDelegate.swift */,
				ED67652824DD8D44006005A3 /* Controller */,
				ED67652924DD8D4E006005A3 /* View */,
				ED67650E24DD7D83006005A3 /* Assets.xcassets */,
				ED67651024DD7D83006005A3 /* LaunchScreen.storyboard */,
				ED67651324DD7D83006005A3 /* Info.plist */,
				ED67652C24DE73F9006005A3 /* Model */,
			);
			path = Quiz;
			sourceTree = "<group>";
		};
		ED67651B24DD7D83006005A3 /* QuizTests */ = {
			isa = PBXGroup;
			children = (
				ED67651C24DD7D83006005A3 /* QuizTests.swift */,
				ED67651E24DD7D83006005A3 /* Info.plist */,
			);
			path = QuizTests;
			sourceTree = "<group>";
		};
		ED67652824DD8D44006005A3 /* Controller */ = {
			isa = PBXGroup;
			children = (
				ED67650924DD7D81006005A3 /* ViewController.swift */,
				ED445BF124E2E7E10057BC46 /* ResultScreen.swift */,
			);
			path = Controller;
			sourceTree = "<group>";
		};
		ED67652924DD8D4E006005A3 /* View */ = {
			isa = PBXGroup;
			children = (
				ED67650B24DD7D81006005A3 /* Main.storyboard */,
			);
			path = View;
			sourceTree = "<group>";
		};
		ED67652C24DE73F9006005A3 /* Model */ = {
			isa = PBXGroup;
			children = (
				ED67652D24DE743A006005A3 /* QuizBrain.swift */,
				ED67652F24DE7458006005A3 /* Question.swift */,
				ED445BEF24E18EF50057BC46 /* QuizData.swift */,
			);
			path = Model;
			sourceTree = "<group>";
		};
/* End PBXGroup section */

/* Begin PBXNativeTarget section */
		ED67650124DD7D81006005A3 /* Quiz */ = {
			isa = PBXNativeTarget;
			buildConfigurationList = ED67652124DD7D83006005A3 /* Build configuration list for PBXNativeTarget "Quiz" */;
			buildPhases = (
				ED6764FE24DD7D81006005A3 /* Sources */,
				ED6764FF24DD7D81006005A3 /* Frameworks */,
				ED67650024DD7D81006005A3 /* Resources */,
			);
			buildRules = (
			);
			dependencies = (
			);
			name = Quiz;
			productName = Quiz;
			productReference = ED67650224DD7D81006005A3 /* Quiz.app */;
			productType = "com.apple.product-type.application";
		};
		ED67651724DD7D83006005A3 /* QuizTests */ = {
			isa = PBXNativeTarget;
			buildConfigurationList = ED67652424DD7D83006005A3 /* Build configuration list for PBXNativeTarget "QuizTests" */;
			buildPhases = (
				ED67651424DD7D83006005A3 /* Sources */,
				ED67651524DD7D83006005A3 /* Frameworks */,
				ED67651624DD7D83006005A3 /* Resources */,
			);
			buildRules = (
			);
			dependencies = (
				ED67651A24DD7D83006005A3 /* PBXTargetDependency */,
			);
			name = QuizTests;
			productName = QuizTests;
			productReference = ED67651824DD7D83006005A3 /* QuizTests.xctest */;
			productType = "com.apple.product-type.bundle.unit-test";
		};
/* End PBXNativeTarget section */

/* Begin PBXProject section */
		ED6764FA24DD7D81006005A3 /* Project object */ = {
			isa = PBXProject;
			attributes = {
				LastSwiftUpdateCheck = 1160;
				LastUpgradeCheck = 1160;
				ORGANIZATIONNAME = "Naveen Natrajan";
				TargetAttributes = {
					ED67650124DD7D81006005A3 = {
						CreatedOnToolsVersion = 11.6;
					};
					ED67651724DD7D83006005A3 = {
						CreatedOnToolsVersion = 11.6;
						TestTargetID = ED67650124DD7D81006005A3;
					};
				};
			};
			buildConfigurationList = ED6764FD24DD7D81006005A3 /* Build configuration list for PBXProject "Quiz" */;
			compatibilityVersion = "Xcode 9.3";
			developmentRegion = en;
			hasScannedForEncodings = 0;
			knownRegions = (
				en,
				Base,
			);
			mainGroup = ED6764F924DD7D81006005A3;
			productRefGroup = ED67650324DD7D81006005A3 /* Products */;
			projectDirPath = "";
			projectRoot = "";
			targets = (
				ED67650124DD7D81006005A3 /* Quiz */,
				ED67651724DD7D83006005A3 /* QuizTests */,
			);
		};
/* End PBXProject section */

/* Begin PBXResourcesBuildPhase section */
		ED67650024DD7D81006005A3 /* Resources */ = {
			isa = PBXResourcesBuildPhase;
			buildActionMask = 2147483647;
			files = (
				ED67651224DD7D83006005A3 /* LaunchScreen.storyboard in Resources */,
				ED67650F24DD7D83006005A3 /* Assets.xcassets in Resources */,
				ED67650D24DD7D81006005A3 /* Main.storyboard in Resources */,
			);
			runOnlyForDeploymentPostprocessing = 0;
		};
		ED67651624DD7D83006005A3 /* Resources */ = {
			isa = PBXResourcesBuildPhase;
			buildActionMask = 2147483647;
			files = (
			);
			runOnlyForDeploymentPostprocessing = 0;
		};
/* End PBXResourcesBuildPhase section */

/* Begin PBXSourcesBuildPhase section */
		ED6764FE24DD7D81006005A3 /* Sources */ = {
			isa = PBXSourcesBuildPhase;
			buildActionMask = 2147483647;
			files = (
				ED67653024DE7458006005A3 /* Question.swift in Sources */,
				ED67650A24DD7D81006005A3 /* ViewController.swift in Sources */,
				ED67650624DD7D81006005A3 /* AppDelegate.swift in Sources */,
				ED67650824DD7D81006005A3 /* SceneDelegate.swift in Sources */,
				ED445BF024E18EF50057BC46 /* QuizData.swift in Sources */,
				ED67652E24DE743A006005A3 /* QuizBrain.swift in Sources */,
				ED445BF224E2E7E10057BC46 /* ResultScreen.swift in Sources */,
			);
			runOnlyForDeploymentPostprocessing = 0;
		};
		ED67651424DD7D83006005A3 /* Sources */ = {
			isa = PBXSourcesBuildPhase;
			buildActionMask = 2147483647;
			files = (
				ED67651D24DD7D83006005A3 /* QuizTests.swift in Sources */,
			);
			runOnlyForDeploymentPostprocessing = 0;
		};
/* End PBXSourcesBuildPhase section */

/* Begin PBXTargetDependency section */
		ED67651A24DD7D83006005A3 /* PBXTargetDependency */ = {
			isa = PBXTargetDependency;
			target = ED67650124DD7D81006005A3 /* Quiz */;
			targetProxy = ED67651924DD7D83006005A3 /* PBXContainerItemProxy */;
		};
/* End PBXTargetDependency section */

/* Begin PBXVariantGroup section */
		ED67650B24DD7D81006005A3 /* Main.storyboard */ = {
			isa = PBXVariantGroup;
			children = (
				ED67650C24DD7D81006005A3 /* Base */,
			);
			name = Main.storyboard;
			sourceTree = "<group>";
		};
		ED67651024DD7D83006005A3 /* LaunchScreen.storyboard */ = {
			isa = PBXVariantGroup;
			children = (
				ED67651124DD7D83006005A3 /* Base */,
			);
			name = LaunchScreen.storyboard;
			sourceTree = "<group>";
		};
/* End PBXVariantGroup section */

/* Begin XCBuildConfiguration section */
		ED67651F24DD7D83006005A3 /* Debug */ = {
			isa = XCBuildConfiguration;
			buildSettings = {
				ALWAYS_SEARCH_USER_PATHS = NO;
				CLANG_ANALYZER_NONNULL = YES;
				CLANG_ANALYZER_NUMBER_OBJECT_CONVERSION = YES_AGGRESSIVE;
				CLANG_CXX_LANGUAGE_STANDARD = "gnu++14";
				CLANG_CXX_LIBRARY = "libc++";
				CLANG_ENABLE_MODULES = YES;
				CLANG_ENABLE_OBJC_ARC = YES;
				CLANG_ENABLE_OBJC_WEAK = YES;
				CLANG_WARN_BLOCK_CAPTURE_AUTORELEASING = YES;
				CLANG_WARN_BOOL_CONVERSION = YES;
				CLANG_WARN_COMMA = YES;
				CLANG_WARN_CONSTANT_CONVERSION = YES;
				CLANG_WARN_DEPRECATED_OBJC_IMPLEMENTATIONS = YES;
				CLANG_WARN_DIRECT_OBJC_ISA_USAGE = YES_ERROR;
				CLANG_WARN_DOCUMENTATION_COMMENTS = YES;
				CLANG_WARN_EMPTY_BODY = YES;
				CLANG_WARN_ENUM_CONVERSION = YES;
				CLANG_WARN_INFINITE_RECURSION = YES;
				CLANG_WARN_INT_CONVERSION = YES;
				CLANG_WARN_NON_LITERAL_NULL_CONVERSION = YES;
				CLANG_WARN_OBJC_IMPLICIT_RETAIN_SELF = YES;
				CLANG_WARN_OBJC_LITERAL_CONVERSION = YES;
				CLANG_WARN_OBJC_ROOT_CLASS = YES_ERROR;
				CLANG_WARN_RANGE_LOOP_ANALYSIS = YES;
				CLANG_WARN_STRICT_PROTOTYPES = YES;
				CLANG_WARN_SUSPICIOUS_MOVE = YES;
				CLANG_WARN_UNGUARDED_AVAILABILITY = YES_AGGRESSIVE;
				CLANG_WARN_UNREACHABLE_CODE = YES;
				CLANG_WARN__DUPLICATE_METHOD_MATCH = YES;
				COPY_PHASE_STRIP = NO;
				DEBUG_INFORMATION_FORMAT = dwarf;
				ENABLE_STRICT_OBJC_MSGSEND = YES;
				ENABLE_TESTABILITY = YES;
				GCC_C_LANGUAGE_STANDARD = gnu11;
				GCC_DYNAMIC_NO_PIC = NO;
				GCC_NO_COMMON_BLOCKS = YES;
				GCC_OPTIMIZATION_LEVEL = 0;
				GCC_PREPROCESSOR_DEFINITIONS = (
					"DEBUG=1",
					"$(inherited)",
				);
				GCC_WARN_64_TO_32_BIT_CONVERSION = YES;
				GCC_WARN_ABOUT_RETURN_TYPE = YES_ERROR;
				GCC_WARN_UNDECLARED_SELECTOR = YES;
				GCC_WARN_UNINITIALIZED_AUTOS = YES_AGGRESSIVE;
				GCC_WARN_UNUSED_FUNCTION = YES;
				GCC_WARN_UNUSED_VARIABLE = YES;
				IPHONEOS_DEPLOYMENT_TARGET = 13.6;
				MTL_ENABLE_DEBUG_INFO = INCLUDE_SOURCE;
				MTL_FAST_MATH = YES;
				ONLY_ACTIVE_ARCH = YES;
				SDKROOT = iphoneos;
				SWIFT_ACTIVE_COMPILATION_CONDITIONS = DEBUG;
				SWIFT_OPTIMIZATION_LEVEL = "-Onone";
			};
			name = Debug;
		};
		ED67652024DD7D83006005A3 /* Release */ = {
			isa = XCBuildConfiguration;
			buildSettings = {
				ALWAYS_SEARCH_USER_PATHS = NO;
				CLANG_ANALYZER_NONNULL = YES;
				CLANG_ANALYZER_NUMBER_OBJECT_CONVERSION = YES_AGGRESSIVE;
				CLANG_CXX_LANGUAGE_STANDARD = "gnu++14";
				CLANG_CXX_LIBRARY = "libc++";
				CLANG_ENABLE_MODULES = YES;
				CLANG_ENABLE_OBJC_ARC = YES;
				CLANG_ENABLE_OBJC_WEAK = YES;
				CLANG_WARN_BLOCK_CAPTURE_AUTORELEASING = YES;
				CLANG_WARN_BOOL_CONVERSION = YES;
				CLANG_WARN_COMMA = YES;
				CLANG_WARN_CONSTANT_CONVERSION = YES;
				CLANG_WARN_DEPRECATED_OBJC_IMPLEMENTATIONS = YES;
				CLANG_WARN_DIRECT_OBJC_ISA_USAGE = YES_ERROR;
				CLANG_WARN_DOCUMENTATION_COMMENTS = YES;
				CLANG_WARN_EMPTY_BODY = YES;
				CLANG_WARN_ENUM_CONVERSION = YES;
				CLANG_WARN_INFINITE_RECURSION = YES;
				CLANG_WARN_INT_CONVERSION = YES;
				CLANG_WARN_NON_LITERAL_NULL_CONVERSION = YES;
				CLANG_WARN_OBJC_IMPLICIT_RETAIN_SELF = YES;
				CLANG_WARN_OBJC_LITERAL_CONVERSION = YES;
				CLANG_WARN_OBJC_ROOT_CLASS = YES_ERROR;
				CLANG_WARN_RANGE_LOOP_ANALYSIS = YES;
				CLANG_WARN_STRICT_PROTOTYPES = YES;
				CLANG_WARN_SUSPICIOUS_MOVE = YES;
				CLANG_WARN_UNGUARDED_AVAILABILITY = YES_AGGRESSIVE;
				CLANG_WARN_UNREACHABLE_CODE = YES;
				CLANG_WARN__DUPLICATE_METHOD_MATCH = YES;
				COPY_PHASE_STRIP = NO;
				DEBUG_INFORMATION_FORMAT = "dwarf-with-dsym";
				ENABLE_NS_ASSERTIONS = NO;
				ENABLE_STRICT_OBJC_MSGSEND = YES;
				GCC_C_LANGUAGE_STANDARD = gnu11;
				GCC_NO_COMMON_BLOCKS = YES;
				GCC_WARN_64_TO_32_BIT_CONVERSION = YES;
				GCC_WARN_ABOUT_RETURN_TYPE = YES_ERROR;
				GCC_WARN_UNDECLARED_SELECTOR = YES;
				GCC_WARN_UNINITIALIZED_AUTOS = YES_AGGRESSIVE;
				GCC_WARN_UNUSED_FUNCTION = YES;
				GCC_WARN_UNUSED_VARIABLE = YES;
				IPHONEOS_DEPLOYMENT_TARGET = 13.6;
				MTL_ENABLE_DEBUG_INFO = NO;
				MTL_FAST_MATH = YES;
				SDKROOT = iphoneos;
				SWIFT_COMPILATION_MODE = wholemodule;
				SWIFT_OPTIMIZATION_LEVEL = "-O";
				VALIDATE_PRODUCT = YES;
			};
			name = Release;
		};
		ED67652224DD7D83006005A3 /* Debug */ = {
			isa = XCBuildConfiguration;
			buildSettings = {
				ASSETCATALOG_COMPILER_APPICON_NAME = AppIcon;
				CODE_SIGN_STYLE = Automatic;
				DEVELOPMENT_TEAM = Y57YJB7YY8;
				INFOPLIST_FILE = Quiz/Info.plist;
				LD_RUNPATH_SEARCH_PATHS = (
					"$(inherited)",
					"@executable_path/Frameworks",
				);
				PRODUCT_BUNDLE_IDENTIFIER = com.naveen.Quiz;
				PRODUCT_NAME = "$(TARGET_NAME)";
				SWIFT_VERSION = 5.0;
				TARGETED_DEVICE_FAMILY = "1,2";
			};
			name = Debug;
		};
		ED67652324DD7D83006005A3 /* Release */ = {
			isa = XCBuildConfiguration;
			buildSettings = {
				ASSETCATALOG_COMPILER_APPICON_NAME = AppIcon;
				CODE_SIGN_STYLE = Automatic;
				DEVELOPMENT_TEAM = Y57YJB7YY8;
				INFOPLIST_FILE = Quiz/Info.plist;
				LD_RUNPATH_SEARCH_PATHS = (
					"$(inherited)",
					"@executable_path/Frameworks",
				);
				PRODUCT_BUNDLE_IDENTIFIER = com.naveen.Quiz;
				PRODUCT_NAME = "$(TARGET_NAME)";
				SWIFT_VERSION = 5.0;
				TARGETED_DEVICE_FAMILY = "1,2";
			};
			name = Release;
		};
		ED67652524DD7D83006005A3 /* Debug */ = {
			isa = XCBuildConfiguration;
			buildSettings = {
				ALWAYS_EMBED_SWIFT_STANDARD_LIBRARIES = YES;
				BUNDLE_LOADER = "$(TEST_HOST)";
				CODE_SIGN_STYLE = Automatic;
				DEVELOPMENT_TEAM = Y57YJB7YY8;
				INFOPLIST_FILE = QuizTests/Info.plist;
				IPHONEOS_DEPLOYMENT_TARGET = 13.6;
				LD_RUNPATH_SEARCH_PATHS = (
					"$(inherited)",
					"@executable_path/Frameworks",
					"@loader_path/Frameworks",
				);
				PRODUCT_BUNDLE_IDENTIFIER = com.naveen.QuizTests;
				PRODUCT_NAME = "$(TARGET_NAME)";
				SWIFT_VERSION = 5.0;
				TARGETED_DEVICE_FAMILY = "1,2";
				TEST_HOST = "$(BUILT_PRODUCTS_DIR)/Quiz.app/Quiz";
			};
			name = Debug;
		};
		ED67652624DD7D83006005A3 /* Release */ = {
			isa = XCBuildConfiguration;
			buildSettings = {
				ALWAYS_EMBED_SWIFT_STANDARD_LIBRARIES = YES;
				BUNDLE_LOADER = "$(TEST_HOST)";
				CODE_SIGN_STYLE = Automatic;
				DEVELOPMENT_TEAM = Y57YJB7YY8;
				INFOPLIST_FILE = QuizTests/Info.plist;
				IPHONEOS_DEPLOYMENT_TARGET = 13.6;
				LD_RUNPATH_SEARCH_PATHS = (
					"$(inherited)",
					"@executable_path/Frameworks",
					"@loader_path/Frameworks",
				);
				PRODUCT_BUNDLE_IDENTIFIER = com.naveen.QuizTests;
				PRODUCT_NAME = "$(TARGET_NAME)";
				SWIFT_VERSION = 5.0;
				TARGETED_DEVICE_FAMILY = "1,2";
				TEST_HOST = "$(BUILT_PRODUCTS_DIR)/Quiz.app/Quiz";
			};
			name = Release;
		};
/* End XCBuildConfiguration section */

/* Begin XCConfigurationList section */
		ED6764FD24DD7D81006005A3 /* Build configuration list for PBXProject "Quiz" */ = {
			isa = XCConfigurationList;
			buildConfigurations = (
				ED67651F24DD7D83006005A3 /* Debug */,
				ED67652024DD7D83006005A3 /* Release */,
			);
			defaultConfigurationIsVisible = 0;
			defaultConfigurationName = Release;
		};
		ED67652124DD7D83006005A3 /* Build configuration list for PBXNativeTarget "Quiz" */ = {
			isa = XCConfigurationList;
			buildConfigurations = (
				ED67652224DD7D83006005A3 /* Debug */,
				ED67652324DD7D83006005A3 /* Release */,
			);
			defaultConfigurationIsVisible = 0;
			defaultConfigurationName = Release;
		};
		ED67652424DD7D83006005A3 /* Build configuration list for PBXNativeTarget "QuizTests" */ = {
			isa = XCConfigurationList;
			buildConfigurations = (
				ED67652524DD7D83006005A3 /* Debug */,
				ED67652624DD7D83006005A3 /* Release */,
			);
			defaultConfigurationIsVisible = 0;
			defaultConfigurationName = Release;
		};
/* End XCConfigurationList section */
	};
	rootObject = ED6764FA24DD7D81006005A3 /* Project object */;
}
